// !$*UTF8*$!
{
	archiveVersion = 1;
	classes = {
	};
	objectVersion = 46;
	objects = {

/* Begin PBXBuildFile section */
		AEBF1CBD1CB4530D003E042F /* AppDelegate.swift in Sources */ = {isa = PBXBuildFile; fileRef = AEBF1CBC1CB4530D003E042F /* AppDelegate.swift */; };
		AEBF1CBF1CB4530D003E042F /* ViewController.swift in Sources */ = {isa = PBXBuildFile; fileRef = AEBF1CBE1CB4530D003E042F /* ViewController.swift */; };
		AEBF1CC21CB4530D003E042F /* Main.storyboard in Resources */ = {isa = PBXBuildFile; fileRef = AEBF1CC01CB4530D003E042F /* Main.storyboard */; };
		AEBF1CC41CB4530D003E042F /* Assets.xcassets in Resources */ = {isa = PBXBuildFile; fileRef = AEBF1CC31CB4530D003E042F /* Assets.xcassets */; };
		AEBF1CC71CB4530D003E042F /* LaunchScreen.storyboard in Resources */ = {isa = PBXBuildFile; fileRef = AEBF1CC51CB4530D003E042F /* LaunchScreen.storyboard */; };
		AEBF1CD21CB4530D003E042F /* AngecademyTests.swift in Sources */ = {isa = PBXBuildFile; fileRef = AEBF1CD11CB4530D003E042F /* AngecademyTests.swift */; };
		AEBF1CDD1CB4530D003E042F /* AngecademyUITests.swift in Sources */ = {isa = PBXBuildFile; fileRef = AEBF1CDC1CB4530D003E042F /* AngecademyUITests.swift */; };
/* End PBXBuildFile section */

/* Begin PBXContainerItemProxy section */
		AEBF1CCE1CB4530D003E042F /* PBXContainerItemProxy */ = {
			isa = PBXContainerItemProxy;
			containerPortal = AEBF1CB11CB4530D003E042F /* Project object */;
			proxyType = 1;
			remoteGlobalIDString = AEBF1CB81CB4530D003E042F;
			remoteInfo = Angecademy;
		};
		AEBF1CD91CB4530D003E042F /* PBXContainerItemProxy */ = {
			isa = PBXContainerItemProxy;
			containerPortal = AEBF1CB11CB4530D003E042F /* Project object */;
			proxyType = 1;
			remoteGlobalIDString = AEBF1CB81CB4530D003E042F;
			remoteInfo = Angecademy;
		};
/* End PBXContainerItemProxy section */

/* Begin PBXFileReference section */
		AEBF1CB91CB4530D003E042F /* Angecademy.app */ = {isa = PBXFileReference; explicitFileType = wrapper.application; includeInIndex = 0; path = Angecademy.app; sourceTree = BUILT_PRODUCTS_DIR; };
		AEBF1CBC1CB4530D003E042F /* AppDelegate.swift */ = {isa = PBXFileReference; lastKnownFileType = sourcecode.swift; path = AppDelegate.swift; sourceTree = "<group>"; };
		AEBF1CBE1CB4530D003E042F /* ViewController.swift */ = {isa = PBXFileReference; lastKnownFileType = sourcecode.swift; path = ViewController.swift; sourceTree = "<group>"; };
		AEBF1CC11CB4530D003E042F /* Base */ = {isa = PBXFileReference; lastKnownFileType = file.storyboard; name = Base; path = Base.lproj/Main.storyboard; sourceTree = "<group>"; };
		AEBF1CC31CB4530D003E042F /* Assets.xcassets */ = {isa = PBXFileReference; lastKnownFileType = folder.assetcatalog; path = Assets.xcassets; sourceTree = "<group>"; };
		AEBF1CC61CB4530D003E042F /* Base */ = {isa = PBXFileReference; lastKnownFileType = file.storyboard; name = Base; path = Base.lproj/LaunchScreen.storyboard; sourceTree = "<group>"; };
		AEBF1CC81CB4530D003E042F /* Info.plist */ = {isa = PBXFileReference; lastKnownFileType = text.plist.xml; path = Info.plist; sourceTree = "<group>"; };
		AEBF1CCD1CB4530D003E042F /* AngecademyTests.xctest */ = {isa = PBXFileReference; explicitFileType = wrapper.cfbundle; includeInIndex = 0; path = AngecademyTests.xctest; sourceTree = BUILT_PRODUCTS_DIR; };
		AEBF1CD11CB4530D003E042F /* AngecademyTests.swift */ = {isa = PBXFileReference; lastKnownFileType = sourcecode.swift; path = AngecademyTests.swift; sourceTree = "<group>"; };
		AEBF1CD31CB4530D003E042F /* Info.plist */ = {isa = PBXFileReference; lastKnownFileType = text.plist.xml; path = Info.plist; sourceTree = "<group>"; };
		AEBF1CD81CB4530D003E042F /* AngecademyUITests.xctest */ = {isa = PBXFileReference; explicitFileType = wrapper.cfbundle; includeInIndex = 0; path = AngecademyUITests.xctest; sourceTree = BUILT_PRODUCTS_DIR; };
		AEBF1CDC1CB4530D003E042F /* AngecademyUITests.swift */ = {isa = PBXFileReference; lastKnownFileType = sourcecode.swift; path = AngecademyUITests.swift; sourceTree = "<group>"; };
		AEBF1CDE1CB4530D003E042F /* Info.plist */ = {isa = PBXFileReference; lastKnownFileType = text.plist.xml; path = Info.plist; sourceTree = "<group>"; };
/* End PBXFileReference section */

/* Begin PBXFrameworksBuildPhase section */
		AEBF1CB61CB4530D003E042F /* Frameworks */ = {
			isa = PBXFrameworksBuildPhase;
			buildActionMask = 2147483647;
			files = (
			);
			runOnlyForDeploymentPostprocessing = 0;
		};
		AEBF1CCA1CB4530D003E042F /* Frameworks */ = {
			isa = PBXFrameworksBuildPhase;
			buildActionMask = 2147483647;
			files = (
			);
			runOnlyForDeploymentPostprocessing = 0;
		};
		AEBF1CD51CB4530D003E042F /* Frameworks */ = {
			isa = PBXFrameworksBuildPhase;
			buildActionMask = 2147483647;
			files = (
			);
			runOnlyForDeploymentPostprocessing = 0;
		};
/* End PBXFrameworksBuildPhase section */

/* Begin PBXGroup section */
		AEBF1CB01CB4530D003E042F = {
			isa = PBXGroup;
			children = (
				AEBF1CBB1CB4530D003E042F /* Angecademy */,
				AEBF1CD01CB4530D003E042F /* AngecademyTests */,
				AEBF1CDB1CB4530D003E042F /* AngecademyUITests */,
				AEBF1CBA1CB4530D003E042F /* Products */,
			);
			sourceTree = "<group>";
		};
		AEBF1CBA1CB4530D003E042F /* Products */ = {
			isa = PBXGroup;
			children = (
				AEBF1CB91CB4530D003E042F /* Angecademy.app */,
				AEBF1CCD1CB4530D003E042F /* AngecademyTests.xctest */,
				AEBF1CD81CB4530D003E042F /* AngecademyUITests.xctest */,
			);
			name = Products;
			sourceTree = "<group>";
		};
		AEBF1CBB1CB4530D003E042F /* Angecademy */ = {
			isa = PBXGroup;
			children = (
				AEBF1CBC1CB4530D003E042F /* AppDelegate.swift */,
				AEBF1CBE1CB4530D003E042F /* ViewController.swift */,
				AEBF1CC01CB4530D003E042F /* Main.storyboard */,
				AEBF1CC31CB4530D003E042F /* Assets.xcassets */,
				AEBF1CC51CB4530D003E042F /* LaunchScreen.storyboard */,
				AEBF1CC81CB4530D003E042F /* Info.plist */,
			);
			path = Angecademy;
			sourceTree = "<group>";
		};
		AEBF1CD01CB4530D003E042F /* AngecademyTests */ = {
			isa = PBXGroup;
			children = (
				AEBF1CD11CB4530D003E042F /* AngecademyTests.swift */,
				AEBF1CD31CB4530D003E042F /* Info.plist */,
			);
			path = AngecademyTests;
			sourceTree = "<group>";
		};
		AEBF1CDB1CB4530D003E042F /* AngecademyUITests */ = {
			isa = PBXGroup;
			children = (
				AEBF1CDC1CB4530D003E042F /* AngecademyUITests.swift */,
				AEBF1CDE1CB4530D003E042F /* Info.plist */,
			);
			path = AngecademyUITests;
			sourceTree = "<group>";
		};
/* End PBXGroup section */

/* Begin PBXNativeTarget section */
		AEBF1CB81CB4530D003E042F /* Angecademy */ = {
			isa = PBXNativeTarget;
			buildConfigurationList = AEBF1CE11CB4530D003E042F /* Build configuration list for PBXNativeTarget "Angecademy" */;
			buildPhases = (
				AEBF1CB51CB4530D003E042F /* Sources */,
				AEBF1CB61CB4530D003E042F /* Frameworks */,
				AEBF1CB71CB4530D003E042F /* Resources */,
			);
			buildRules = (
			);
			dependencies = (
			);
			name = Angecademy;
			productName = Angecademy;
			productReference = AEBF1CB91CB4530D003E042F /* Angecademy.app */;
			productType = "com.apple.product-type.application";
		};
		AEBF1CCC1CB4530D003E042F /* AngecademyTests */ = {
			isa = PBXNativeTarget;
			buildConfigurationList = AEBF1CE41CB4530D003E042F /* Build configuration list for PBXNativeTarget "AngecademyTests" */;
			buildPhases = (
				AEBF1CC91CB4530D003E042F /* Sources */,
				AEBF1CCA1CB4530D003E042F /* Frameworks */,
				AEBF1CCB1CB4530D003E042F /* Resources */,
			);
			buildRules = (
			);
			dependencies = (
				AEBF1CCF1CB4530D003E042F /* PBXTargetDependency */,
			);
			name = AngecademyTests;
			productName = AngecademyTests;
			productReference = AEBF1CCD1CB4530D003E042F /* AngecademyTests.xctest */;
			productType = "com.apple.product-type.bundle.unit-test";
		};
		AEBF1CD71CB4530D003E042F /* AngecademyUITests */ = {
			isa = PBXNativeTarget;
			buildConfigurationList = AEBF1CE71CB4530D003E042F /* Build configuration list for PBXNativeTarget "AngecademyUITests" */;
			buildPhases = (
				AEBF1CD41CB4530D003E042F /* Sources */,
				AEBF1CD51CB4530D003E042F /* Frameworks */,
				AEBF1CD61CB4530D003E042F /* Resources */,
			);
			buildRules = (
			);
			dependencies = (
				AEBF1CDA1CB4530D003E042F /* PBXTargetDependency */,
			);
			name = AngecademyUITests;
			productName = AngecademyUITests;
			productReference = AEBF1CD81CB4530D003E042F /* AngecademyUITests.xctest */;
			productType = "com.apple.product-type.bundle.ui-testing";
		};
/* End PBXNativeTarget section */

/* Begin PBXProject section */
		AEBF1CB11CB4530D003E042F /* Project object */ = {
			isa = PBXProject;
			attributes = {
				LastSwiftUpdateCheck = 0730;
				LastUpgradeCheck = 0730;
				ORGANIZATIONNAME = "Angela Alarcon";
				TargetAttributes = {
					AEBF1CB81CB4530D003E042F = {
						CreatedOnToolsVersion = 7.3;
					};
					AEBF1CCC1CB4530D003E042F = {
						CreatedOnToolsVersion = 7.3;
						TestTargetID = AEBF1CB81CB4530D003E042F;
					};
					AEBF1CD71CB4530D003E042F = {
						CreatedOnToolsVersion = 7.3;
						TestTargetID = AEBF1CB81CB4530D003E042F;
					};
				};
			};
			buildConfigurationList = AEBF1CB41CB4530D003E042F /* Build configuration list for PBXProject "Angecademy" */;
			compatibilityVersion = "Xcode 3.2";
			developmentRegion = English;
			hasScannedForEncodings = 0;
			knownRegions = (
				en,
				Base,
			);
			mainGroup = AEBF1CB01CB4530D003E042F;
			productRefGroup = AEBF1CBA1CB4530D003E042F /* Products */;
			projectDirPath = "";
			projectRoot = "";
			targets = (
				AEBF1CB81CB4530D003E042F /* Angecademy */,
				AEBF1CCC1CB4530D003E042F /* AngecademyTests */,
				AEBF1CD71CB4530D003E042F /* AngecademyUITests */,
			);
		};
/* End PBXProject section */

/* Begin PBXResourcesBuildPhase section */
		AEBF1CB71CB4530D003E042F /* Resources */ = {
			isa = PBXResourcesBuildPhase;
			buildActionMask = 2147483647;
			files = (
				AEBF1CC71CB4530D003E042F /* LaunchScreen.storyboard in Resources */,
				AEBF1CC41CB4530D003E042F /* Assets.xcassets in Resources */,
				AEBF1CC21CB4530D003E042F /* Main.storyboard in Resources */,
			);
			runOnlyForDeploymentPostprocessing = 0;
		};
		AEBF1CCB1CB4530D003E042F /* Resources */ = {
			isa = PBXResourcesBuildPhase;
			buildActionMask = 2147483647;
			files = (
			);
			runOnlyForDeploymentPostprocessing = 0;
		};
		AEBF1CD61CB4530D003E042F /* Resources */ = {
			isa = PBXResourcesBuildPhase;
			buildActionMask = 2147483647;
			files = (
			);
			runOnlyForDeploymentPostprocessing = 0;
		};
/* End PBXResourcesBuildPhase section */

/* Begin PBXSourcesBuildPhase section */
		AEBF1CB51CB4530D003E042F /* Sources */ = {
			isa = PBXSourcesBuildPhase;
			buildActionMask = 2147483647;
			files = (
				AEBF1CBF1CB4530D003E042F /* ViewController.swift in Sources */,
				AEBF1CBD1CB4530D003E042F /* AppDelegate.swift in Sources */,
			);
			runOnlyForDeploymentPostprocessing = 0;
		};
		AEBF1CC91CB4530D003E042F /* Sources */ = {
			isa = PBXSourcesBuildPhase;
			buildActionMask = 2147483647;
			files = (
				AEBF1CD21CB4530D003E042F /* AngecademyTests.swift in Sources */,
			);
			runOnlyForDeploymentPostprocessing = 0;
		};
		AEBF1CD41CB4530D003E042F /* Sources */ = {
			isa = PBXSourcesBuildPhase;
			buildActionMask = 2147483647;
			files = (
				AEBF1CDD1CB4530D003E042F /* AngecademyUITests.swift in Sources */,
			);
			runOnlyForDeploymentPostprocessing = 0;
		};
/* End PBXSourcesBuildPhase section */

/* Begin PBXTargetDependency section */
		AEBF1CCF1CB4530D003E042F /* PBXTargetDependency */ = {
			isa = PBXTargetDependency;
			target = AEBF1CB81CB4530D003E042F /* Angecademy */;
			targetProxy = AEBF1CCE1CB4530D003E042F /* PBXContainerItemProxy */;
		};
		AEBF1CDA1CB4530D003E042F /* PBXTargetDependency */ = {
			isa = PBXTargetDependency;
			target = AEBF1CB81CB4530D003E042F /* Angecademy */;
			targetProxy = AEBF1CD91CB4530D003E042F /* PBXContainerItemProxy */;
		};
/* End PBXTargetDependency section */

/* Begin PBXVariantGroup section */
		AEBF1CC01CB4530D003E042F /* Main.storyboard */ = {
			isa = PBXVariantGroup;
			children = (
				AEBF1CC11CB4530D003E042F /* Base */,
			);
			name = Main.storyboard;
			sourceTree = "<group>";
		};
		AEBF1CC51CB4530D003E042F /* LaunchScreen.storyboard */ = {
			isa = PBXVariantGroup;
			children = (
				AEBF1CC61CB4530D003E042F /* Base */,
			);
			name = LaunchScreen.storyboard;
			sourceTree = "<group>";
		};
/* End PBXVariantGroup section */

/* Begin XCBuildConfiguration section */
		AEBF1CDF1CB4530D003E042F /* Debug */ = {
			isa = XCBuildConfiguration;
			buildSettings = {
				ALWAYS_SEARCH_USER_PATHS = NO;
				CLANG_ANALYZER_NONNULL = YES;
				CLANG_CXX_LANGUAGE_STANDARD = "gnu++0x";
				CLANG_CXX_LIBRARY = "libc++";
				CLANG_ENABLE_MODULES = YES;
				CLANG_ENABLE_OBJC_ARC = YES;
				CLANG_WARN_BOOL_CONVERSION = YES;
				CLANG_WARN_CONSTANT_CONVERSION = YES;
				CLANG_WARN_DIRECT_OBJC_ISA_USAGE = YES_ERROR;
				CLANG_WARN_EMPTY_BODY = YES;
				CLANG_WARN_ENUM_CONVERSION = YES;
				CLANG_WARN_INT_CONVERSION = YES;
				CLANG_WARN_OBJC_ROOT_CLASS = YES_ERROR;
				CLANG_WARN_UNREACHABLE_CODE = YES;
				CLANG_WARN__DUPLICATE_METHOD_MATCH = YES;
				"CODE_SIGN_IDENTITY[sdk=iphoneos*]" = "iPhone Developer";
				COPY_PHASE_STRIP = NO;
				DEBUG_INFORMATION_FORMAT = dwarf;
				ENABLE_STRICT_OBJC_MSGSEND = YES;
				ENABLE_TESTABILITY = YES;
				GCC_C_LANGUAGE_STANDARD = gnu99;
				GCC_DYNAMIC_NO_PIC = NO;
				GCC_NO_COMMON_BLOCKS = YES;
				GCC_OPTIMIZATION_LEVEL = 0;
				GCC_PREPROCESSOR_DEFINITIONS = (
					"DEBUG=1",
					"$(inherited)",
				);
				GCC_WARN_64_TO_32_BIT_CONVERSION = YES;
				GCC_WARN_ABOUT_RETURN_TYPE = YES_ERROR;
				GCC_WARN_UNDECLARED_SELECTOR = YES;
				GCC_WARN_UNINITIALIZED_AUTOS = YES_AGGRESSIVE;
				GCC_WARN_UNUSED_FUNCTION = YES;
				GCC_WARN_UNUSED_VARIABLE = YES;
				IPHONEOS_DEPLOYMENT_TARGET = 9.3;
				MTL_ENABLE_DEBUG_INFO = YES;
				ONLY_ACTIVE_ARCH = YES;
				SDKROOT = iphoneos;
				SWIFT_OPTIMIZATION_LEVEL = "-Onone";
			};
			name = Debug;
		};
		AEBF1CE01CB4530D003E042F /* Release */ = {
			isa = XCBuildConfiguration;
			buildSettings = {
				ALWAYS_SEARCH_USER_PATHS = NO;
				CLANG_ANALYZER_NONNULL = YES;
				CLANG_CXX_LANGUAGE_STANDARD = "gnu++0x";
				CLANG_CXX_LIBRARY = "libc++";
				CLANG_ENABLE_MODULES = YES;
				CLANG_ENABLE_OBJC_ARC = YES;
				CLANG_WARN_BOOL_CONVERSION = YES;
				CLANG_WARN_CONSTANT_CONVERSION = YES;
				CLANG_WARN_DIRECT_OBJC_ISA_USAGE = YES_ERROR;
				CLANG_WARN_EMPTY_BODY = YES;
				CLANG_WARN_ENUM_CONVERSION = YES;
				CLANG_WARN_INT_CONVERSION = YES;
				CLANG_WARN_OBJC_ROOT_CLASS = YES_ERROR;
				CLANG_WARN_UNREACHABLE_CODE = YES;
				CLANG_WARN__DUPLICATE_METHOD_MATCH = YES;
				"CODE_SIGN_IDENTITY[sdk=iphoneos*]" = "iPhone Developer";
				COPY_PHASE_STRIP = NO;
				DEBUG_INFORMATION_FORMAT = "dwarf-with-dsym";
				ENABLE_NS_ASSERTIONS = NO;
				ENABLE_STRICT_OBJC_MSGSEND = YES;
				GCC_C_LANGUAGE_STANDARD = gnu99;
				GCC_NO_COMMON_BLOCKS = YES;
				GCC_WARN_64_TO_32_BIT_CONVERSION = YES;
				GCC_WARN_ABOUT_RETURN_TYPE = YES_ERROR;
				GCC_WARN_UNDECLARED_SELECTOR = YES;
				GCC_WARN_UNINITIALIZED_AUTOS = YES_AGGRESSIVE;
				GCC_WARN_UNUSED_FUNCTION = YES;
				GCC_WARN_UNUSED_VARIABLE = YES;
				IPHONEOS_DEPLOYMENT_TARGET = 9.3;
				MTL_ENABLE_DEBUG_INFO = NO;
				SDKROOT = iphoneos;
				VALIDATE_PRODUCT = YES;
			};
			name = Release;
		};
		AEBF1CE21CB4530D003E042F /* Debug */ = {
			isa = XCBuildConfiguration;
			buildSettings = {
				ASSETCATALOG_COMPILER_APPICON_NAME = AppIcon;
				INFOPLIST_FILE = Angecademy/Info.plist;
				LD_RUNPATH_SEARCH_PATHS = "$(inherited) @executable_path/Frameworks";
				PRODUCT_BUNDLE_IDENTIFIER = "Angela-Alarcon.Angecademy";
				PRODUCT_NAME = "$(TARGET_NAME)";
			};
			name = Debug;
		};
		AEBF1CE31CB4530D003E042F /* Release */ = {
			isa = XCBuildConfiguration;
			buildSettings = {
				ASSETCATALOG_COMPILER_APPICON_NAME = AppIcon;
				INFOPLIST_FILE = Angecademy/Info.plist;
				LD_RUNPATH_SEARCH_PATHS = "$(inherited) @executable_path/Frameworks";
				PRODUCT_BUNDLE_IDENTIFIER = "Angela-Alarcon.Angecademy";
				PRODUCT_NAME = "$(TARGET_NAME)";
			};
			name = Release;
		};
		AEBF1CE51CB4530D003E042F /* Debug */ = {
			isa = XCBuildConfiguration;
			buildSettings = {
				BUNDLE_LOADER = "$(TEST_HOST)";
				INFOPLIST_FILE = AngecademyTests/Info.plist;
				LD_RUNPATH_SEARCH_PATHS = "$(inherited) @executable_path/Frameworks @loader_path/Frameworks";
				PRODUCT_BUNDLE_IDENTIFIER = "Angela-Alarcon.AngecademyTests";
				PRODUCT_NAME = "$(TARGET_NAME)";
				TEST_HOST = "$(BUILT_PRODUCTS_DIR)/Angecademy.app/Angecademy";
			};
			name = Debug;
		};
		AEBF1CE61CB4530D003E042F /* Release */ = {
			isa = XCBuildConfiguration;
			buildSettings = {
				BUNDLE_LOADER = "$(TEST_HOST)";
				INFOPLIST_FILE = AngecademyTests/Info.plist;
				LD_RUNPATH_SEARCH_PATHS = "$(inherited) @executable_path/Frameworks @loader_path/Frameworks";
				PRODUCT_BUNDLE_IDENTIFIER = "Angela-Alarcon.AngecademyTests";
				PRODUCT_NAME = "$(TARGET_NAME)";
				TEST_HOST = "$(BUILT_PRODUCTS_DIR)/Angecademy.app/Angecademy";
			};
			name = Release;
		};
		AEBF1CE81CB4530D003E042F /* Debug */ = {
			isa = XCBuildConfiguration;
			buildSettings = {
				INFOPLIST_FILE = AngecademyUITests/Info.plist;
				LD_RUNPATH_SEARCH_PATHS = "$(inherited) @executable_path/Frameworks @loader_path/Frameworks";
				PRODUCT_BUNDLE_IDENTIFIER = "Angela-Alarcon.AngecademyUITests";
				PRODUCT_NAME = "$(TARGET_NAME)";
				TEST_TARGET_NAME = Angecademy;
			};
			name = Debug;
		};
		AEBF1CE91CB4530D003E042F /* Release */ = {
			isa = XCBuildConfiguration;
			buildSettings = {
				INFOPLIST_FILE = AngecademyUITests/Info.plist;
				LD_RUNPATH_SEARCH_PATHS = "$(inherited) @executable_path/Frameworks @loader_path/Frameworks";
				PRODUCT_BUNDLE_IDENTIFIER = "Angela-Alarcon.AngecademyUITests";
				PRODUCT_NAME = "$(TARGET_NAME)";
				TEST_TARGET_NAME = Angecademy;
			};
			name = Release;
		};
/* End XCBuildConfiguration section */

/* Begin XCConfigurationList section */
		AEBF1CB41CB4530D003E042F /* Build configuration list for PBXProject "Angecademy" */ = {
			isa = XCConfigurationList;
			buildConfigurations = (
				AEBF1CDF1CB4530D003E042F /* Debug */,
				AEBF1CE01CB4530D003E042F /* Release */,
			);
			defaultConfigurationIsVisible = 0;
			defaultConfigurationName = Release;
		};
		AEBF1CE11CB4530D003E042F /* Build configuration list for PBXNativeTarget "Angecademy" */ = {
			isa = XCConfigurationList;
			buildConfigurations = (
				AEBF1CE21CB4530D003E042F /* Debug */,
				AEBF1CE31CB4530D003E042F /* Release */,
			);
			defaultConfigurationIsVisible = 0;
		};
		AEBF1CE41CB4530D003E042F /* Build configuration list for PBXNativeTarget "AngecademyTests" */ = {
			isa = XCConfigurationList;
			buildConfigurations = (
				AEBF1CE51CB4530D003E042F /* Debug */,
				AEBF1CE61CB4530D003E042F /* Release */,
			);
			defaultConfigurationIsVisible = 0;
		};
		AEBF1CE71CB4530D003E042F /* Build configuration list for PBXNativeTarget "AngecademyUITests" */ = {
			isa = XCConfigurationList;
			buildConfigurations = (
				AEBF1CE81CB4530D003E042F /* Debug */,
				AEBF1CE91CB4530D003E042F /* Release */,
			);
			defaultConfigurationIsVisible = 0;
		};
/* End XCConfigurationList section */
	};
	rootObject = AEBF1CB11CB4530D003E042F /* Project object */;
}
